{
  "requires": true,
  "lockfileVersion": 1,
  "dependencies": {
    "@rocket.chat/ui-kit": {
      "version": "0.32.0-dev.370",
      "resolved": "https://registry.npmjs.org/@rocket.chat/ui-kit/-/ui-kit-0.32.0-dev.370.tgz",
      "integrity": "sha512-oFwg3MAaUzpqCItMFb6rpPMn7hb0DAU/QjpyjW5a9vWiVPP7vv3OOkRejfsISNW600OtLwtxHULHZS7DssySKA=="
    }
  }
}
